// !$*UTF8*$!
{
	archiveVersion = 1;
	classes = {
	};
	objectVersion = 77;
	objects = {

/* Begin PBXBuildFile section */
		527C40692D09A70C00730254 /* WebKit.framework in Frameworks */ = {isa = PBXBuildFile; fileRef = 527C40682D09A70C00730254 /* WebKit.framework */; };
		52954C752D09D84D00186D3B /* HTML2Markdown in Frameworks */ = {isa = PBXBuildFile; productRef = 52954C742D09D84D00186D3B /* HTML2Markdown */; };
/* End PBXBuildFile section */

/* Begin PBXContainerItemProxy section */
		527C404B2D09A6B600730254 /* PBXContainerItemProxy */ = {
			isa = PBXContainerItemProxy;
			containerPortal = 527C40312D09A6B500730254 /* Project object */;
			proxyType = 1;
			remoteGlobalIDString = 527C40382D09A6B500730254;
			remoteInfo = CTMarkDownEditor;
		};
		527C40552D09A6B600730254 /* PBXContainerItemProxy */ = {
			isa = PBXContainerItemProxy;
			containerPortal = 527C40312D09A6B500730254 /* Project object */;
			proxyType = 1;
			remoteGlobalIDString = 527C40382D09A6B500730254;
			remoteInfo = CTMarkDownEditor;
		};
/* End PBXContainerItemProxy section */

/* Begin PBXFileReference section */
		527C40392D09A6B500730254 /* CTMarkDownEditor.app */ = {isa = PBXFileReference; explicitFileType = wrapper.application; includeInIndex = 0; path = CTMarkDownEditor.app; sourceTree = BUILT_PRODUCTS_DIR; };
		527C404A2D09A6B600730254 /* CTMarkDownEditorTests.xctest */ = {isa = PBXFileReference; explicitFileType = wrapper.cfbundle; includeInIndex = 0; path = CTMarkDownEditorTests.xctest; sourceTree = BUILT_PRODUCTS_DIR; };
		527C40542D09A6B600730254 /* CTMarkDownEditorUITests.xctest */ = {isa = PBXFileReference; explicitFileType = wrapper.cfbundle; includeInIndex = 0; path = CTMarkDownEditorUITests.xctest; sourceTree = BUILT_PRODUCTS_DIR; };
		527C40682D09A70C00730254 /* WebKit.framework */ = {isa = PBXFileReference; lastKnownFileType = wrapper.framework; name = WebKit.framework; path = Platforms/iPhoneOS.platform/Developer/SDKs/iPhoneOS18.1.sdk/System/Library/Frameworks/WebKit.framework; sourceTree = DEVELOPER_DIR; };
/* End PBXFileReference section */

/* Begin PBXFileSystemSynchronizedBuildFileExceptionSet section */
		52954C722D09C37500186D3B /* Exceptions for "CTMarkDownEditor" folder in "CTMarkDownEditor" target */ = {
			isa = PBXFileSystemSynchronizedBuildFileExceptionSet;
			membershipExceptions = (
				Info.plist,
			);
			target = 527C40382D09A6B500730254 /* CTMarkDownEditor */;
		};
/* End PBXFileSystemSynchronizedBuildFileExceptionSet section */

/* Begin PBXFileSystemSynchronizedRootGroup section */
		527C403B2D09A6B500730254 /* CTMarkDownEditor */ = {
			isa = PBXFileSystemSynchronizedRootGroup;
			exceptions = (
				52954C722D09C37500186D3B /* Exceptions for "CTMarkDownEditor" folder in "CTMarkDownEditor" target */,
			);
			path = CTMarkDownEditor;
			sourceTree = "<group>";
		};
		527C404D2D09A6B600730254 /* CTMarkDownEditorTests */ = {
			isa = PBXFileSystemSynchronizedRootGroup;
			path = CTMarkDownEditorTests;
			sourceTree = "<group>";
		};
		527C40572D09A6B600730254 /* CTMarkDownEditorUITests */ = {
			isa = PBXFileSystemSynchronizedRootGroup;
			path = CTMarkDownEditorUITests;
			sourceTree = "<group>";
		};
/* End PBXFileSystemSynchronizedRootGroup section */

/* Begin PBXFrameworksBuildPhase section */
		527C40362D09A6B500730254 /* Frameworks */ = {
			isa = PBXFrameworksBuildPhase;
			buildActionMask = 2147483647;
			files = (
				527C40692D09A70C00730254 /* WebKit.framework in Frameworks */,
				52954C752D09D84D00186D3B /* HTML2Markdown in Frameworks */,
			);
			runOnlyForDeploymentPostprocessing = 0;
		};
		527C40472D09A6B600730254 /* Frameworks */ = {
			isa = PBXFrameworksBuildPhase;
			buildActionMask = 2147483647;
			files = (
			);
			runOnlyForDeploymentPostprocessing = 0;
		};
		527C40512D09A6B600730254 /* Frameworks */ = {
			isa = PBXFrameworksBuildPhase;
			buildActionMask = 2147483647;
			files = (
			);
			runOnlyForDeploymentPostprocessing = 0;
		};
/* End PBXFrameworksBuildPhase section */

/* Begin PBXGroup section */
		527C40302D09A6B500730254 = {
			isa = PBXGroup;
			children = (
				527C403B2D09A6B500730254 /* CTMarkDownEditor */,
				527C404D2D09A6B600730254 /* CTMarkDownEditorTests */,
				527C40572D09A6B600730254 /* CTMarkDownEditorUITests */,
				527C40672D09A70C00730254 /* Frameworks */,
				527C403A2D09A6B500730254 /* Products */,
			);
			sourceTree = "<group>";
		};
		527C403A2D09A6B500730254 /* Products */ = {
			isa = PBXGroup;
			children = (
				527C40392D09A6B500730254 /* CTMarkDownEditor.app */,
				527C404A2D09A6B600730254 /* CTMarkDownEditorTests.xctest */,
				527C40542D09A6B600730254 /* CTMarkDownEditorUITests.xctest */,
			);
			name = Products;
			sourceTree = "<group>";
		};
		527C40672D09A70C00730254 /* Frameworks */ = {
			isa = PBXGroup;
			children = (
				527C40682D09A70C00730254 /* WebKit.framework */,
			);
			name = Frameworks;
			sourceTree = "<group>";
		};
/* End PBXGroup section */

/* Begin PBXNativeTarget section */
		527C40382D09A6B500730254 /* CTMarkDownEditor */ = {
			isa = PBXNativeTarget;
			buildConfigurationList = 527C405E2D09A6B700730254 /* Build configuration list for PBXNativeTarget "CTMarkDownEditor" */;
			buildPhases = (
				527C40352D09A6B500730254 /* Sources */,
				527C40362D09A6B500730254 /* Frameworks */,
				527C40372D09A6B500730254 /* Resources */,
			);
			buildRules = (
			);
			dependencies = (
			);
			fileSystemSynchronizedGroups = (
				527C403B2D09A6B500730254 /* CTMarkDownEditor */,
			);
			name = CTMarkDownEditor;
			packageProductDependencies = (
				52954C742D09D84D00186D3B /* HTML2Markdown */,
			);
			productName = CTMarkDownEditor;
			productReference = 527C40392D09A6B500730254 /* CTMarkDownEditor.app */;
			productType = "com.apple.product-type.application";
		};
		527C40492D09A6B600730254 /* CTMarkDownEditorTests */ = {
			isa = PBXNativeTarget;
			buildConfigurationList = 527C40612D09A6B700730254 /* Build configuration list for PBXNativeTarget "CTMarkDownEditorTests" */;
			buildPhases = (
				527C40462D09A6B600730254 /* Sources */,
				527C40472D09A6B600730254 /* Frameworks */,
				527C40482D09A6B600730254 /* Resources */,
			);
			buildRules = (
			);
			dependencies = (
				527C404C2D09A6B600730254 /* PBXTargetDependency */,
			);
			fileSystemSynchronizedGroups = (
				527C404D2D09A6B600730254 /* CTMarkDownEditorTests */,
			);
			name = CTMarkDownEditorTests;
			packageProductDependencies = (
			);
			productName = CTMarkDownEditorTests;
			productReference = 527C404A2D09A6B600730254 /* CTMarkDownEditorTests.xctest */;
			productType = "com.apple.product-type.bundle.unit-test";
		};
		527C40532D09A6B600730254 /* CTMarkDownEditorUITests */ = {
			isa = PBXNativeTarget;
			buildConfigurationList = 527C40642D09A6B700730254 /* Build configuration list for PBXNativeTarget "CTMarkDownEditorUITests" */;
			buildPhases = (
				527C40502D09A6B600730254 /* Sources */,
				527C40512D09A6B600730254 /* Frameworks */,
				527C40522D09A6B600730254 /* Resources */,
			);
			buildRules = (
			);
			dependencies = (
				527C40562D09A6B600730254 /* PBXTargetDependency */,
			);
			fileSystemSynchronizedGroups = (
				527C40572D09A6B600730254 /* CTMarkDownEditorUITests */,
			);
			name = CTMarkDownEditorUITests;
			packageProductDependencies = (
			);
			productName = CTMarkDownEditorUITests;
			productReference = 527C40542D09A6B600730254 /* CTMarkDownEditorUITests.xctest */;
			productType = "com.apple.product-type.bundle.ui-testing";
		};
/* End PBXNativeTarget section */

/* Begin PBXProject section */
		527C40312D09A6B500730254 /* Project object */ = {
			isa = PBXProject;
			attributes = {
				BuildIndependentTargetsInParallel = 1;
				LastSwiftUpdateCheck = 1610;
				LastUpgradeCheck = 1610;
				TargetAttributes = {
					527C40382D09A6B500730254 = {
						CreatedOnToolsVersion = 16.1;
					};
					527C40492D09A6B600730254 = {
						CreatedOnToolsVersion = 16.1;
						TestTargetID = 527C40382D09A6B500730254;
					};
					527C40532D09A6B600730254 = {
						CreatedOnToolsVersion = 16.1;
						TestTargetID = 527C40382D09A6B500730254;
					};
				};
			};
			buildConfigurationList = 527C40342D09A6B500730254 /* Build configuration list for PBXProject "CTMarkDownEditor" */;
			developmentRegion = en;
			hasScannedForEncodings = 0;
			knownRegions = (
				en,
				Base,
			);
			mainGroup = 527C40302D09A6B500730254;
			minimizedProjectReferenceProxies = 1;
			packageReferences = (
				52954C732D09D7FB00186D3B /* XCRemoteSwiftPackageReference "HTML2Markdown" */,
			);
			preferredProjectObjectVersion = 77;
			productRefGroup = 527C403A2D09A6B500730254 /* Products */;
			projectDirPath = "";
			projectRoot = "";
			targets = (
				527C40382D09A6B500730254 /* CTMarkDownEditor */,
				527C40492D09A6B600730254 /* CTMarkDownEditorTests */,
				527C40532D09A6B600730254 /* CTMarkDownEditorUITests */,
			);
		};
/* End PBXProject section */

/* Begin PBXResourcesBuildPhase section */
		527C40372D09A6B500730254 /* Resources */ = {
			isa = PBXResourcesBuildPhase;
			buildActionMask = 2147483647;
			files = (
			);
			runOnlyForDeploymentPostprocessing = 0;
		};
		527C40482D09A6B600730254 /* Resources */ = {
			isa = PBXResourcesBuildPhase;
			buildActionMask = 2147483647;
			files = (
			);
			runOnlyForDeploymentPostprocessing = 0;
		};
		527C40522D09A6B600730254 /* Resources */ = {
			isa = PBXResourcesBuildPhase;
			buildActionMask = 2147483647;
			files = (
			);
			runOnlyForDeploymentPostprocessing = 0;
		};
/* End PBXResourcesBuildPhase section */

/* Begin PBXSourcesBuildPhase section */
		527C40352D09A6B500730254 /* Sources */ = {
			isa = PBXSourcesBuildPhase;
			buildActionMask = 2147483647;
			files = (
			);
			runOnlyForDeploymentPostprocessing = 0;
		};
		527C40462D09A6B600730254 /* Sources */ = {
			isa = PBXSourcesBuildPhase;
			buildActionMask = 2147483647;
			files = (
			);
			runOnlyForDeploymentPostprocessing = 0;
		};
		527C40502D09A6B600730254 /* Sources */ = {
			isa = PBXSourcesBuildPhase;
			buildActionMask = 2147483647;
			files = (
			);
			runOnlyForDeploymentPostprocessing = 0;
		};
/* End PBXSourcesBuildPhase section */

/* Begin PBXTargetDependency section */
		527C404C2D09A6B600730254 /* PBXTargetDependency */ = {
			isa = PBXTargetDependency;
			target = 527C40382D09A6B500730254 /* CTMarkDownEditor */;
			targetProxy = 527C404B2D09A6B600730254 /* PBXContainerItemProxy */;
		};
		527C40562D09A6B600730254 /* PBXTargetDependency */ = {
			isa = PBXTargetDependency;
			target = 527C40382D09A6B500730254 /* CTMarkDownEditor */;
			targetProxy = 527C40552D09A6B600730254 /* PBXContainerItemProxy */;
		};
/* End PBXTargetDependency section */

/* Begin XCBuildConfiguration section */
		527C405C2D09A6B700730254 /* Debug */ = {
			isa = XCBuildConfiguration;
			buildSettings = {
				ALWAYS_SEARCH_USER_PATHS = NO;
				ASSETCATALOG_COMPILER_GENERATE_SWIFT_ASSET_SYMBOL_EXTENSIONS = YES;
				CLANG_ANALYZER_NONNULL = YES;
				CLANG_ANALYZER_NUMBER_OBJECT_CONVERSION = YES_AGGRESSIVE;
				CLANG_CXX_LANGUAGE_STANDARD = "gnu++20";
				CLANG_ENABLE_MODULES = YES;
				CLANG_ENABLE_OBJC_ARC = YES;
				CLANG_ENABLE_OBJC_WEAK = YES;
				CLANG_WARN_BLOCK_CAPTURE_AUTORELEASING = YES;
				CLANG_WARN_BOOL_CONVERSION = YES;
				CLANG_WARN_COMMA = YES;
				CLANG_WARN_CONSTANT_CONVERSION = YES;
				CLANG_WARN_DEPRECATED_OBJC_IMPLEMENTATIONS = YES;
				CLANG_WARN_DIRECT_OBJC_ISA_USAGE = YES_ERROR;
				CLANG_WARN_DOCUMENTATION_COMMENTS = YES;
				CLANG_WARN_EMPTY_BODY = YES;
				CLANG_WARN_ENUM_CONVERSION = YES;
				CLANG_WARN_INFINITE_RECURSION = YES;
				CLANG_WARN_INT_CONVERSION = YES;
				CLANG_WARN_NON_LITERAL_NULL_CONVERSION = YES;
				CLANG_WARN_OBJC_IMPLICIT_RETAIN_SELF = YES;
				CLANG_WARN_OBJC_LITERAL_CONVERSION = YES;
				CLANG_WARN_OBJC_ROOT_CLASS = YES_ERROR;
				CLANG_WARN_QUOTED_INCLUDE_IN_FRAMEWORK_HEADER = YES;
				CLANG_WARN_RANGE_LOOP_ANALYSIS = YES;
				CLANG_WARN_STRICT_PROTOTYPES = YES;
				CLANG_WARN_SUSPICIOUS_MOVE = YES;
				CLANG_WARN_UNGUARDED_AVAILABILITY = YES_AGGRESSIVE;
				CLANG_WARN_UNREACHABLE_CODE = YES;
				CLANG_WARN__DUPLICATE_METHOD_MATCH = YES;
				COPY_PHASE_STRIP = NO;
				DEBUG_INFORMATION_FORMAT = dwarf;
				ENABLE_STRICT_OBJC_MSGSEND = YES;
				ENABLE_TESTABILITY = YES;
				ENABLE_USER_SCRIPT_SANDBOXING = YES;
				GCC_C_LANGUAGE_STANDARD = gnu17;
				GCC_DYNAMIC_NO_PIC = NO;
				GCC_NO_COMMON_BLOCKS = YES;
				GCC_OPTIMIZATION_LEVEL = 0;
				GCC_PREPROCESSOR_DEFINITIONS = (
					"DEBUG=1",
					"$(inherited)",
				);
				GCC_WARN_64_TO_32_BIT_CONVERSION = YES;
				GCC_WARN_ABOUT_RETURN_TYPE = YES_ERROR;
				GCC_WARN_UNDECLARED_SELECTOR = YES;
				GCC_WARN_UNINITIALIZED_AUTOS = YES_AGGRESSIVE;
				GCC_WARN_UNUSED_FUNCTION = YES;
				GCC_WARN_UNUSED_VARIABLE = YES;
				LOCALIZATION_PREFERS_STRING_CATALOGS = YES;
				MTL_ENABLE_DEBUG_INFO = INCLUDE_SOURCE;
				MTL_FAST_MATH = YES;
				ONLY_ACTIVE_ARCH = YES;
				SWIFT_ACTIVE_COMPILATION_CONDITIONS = "DEBUG $(inherited)";
				SWIFT_OPTIMIZATION_LEVEL = "-Onone";
			};
			name = Debug;
		};
		527C405D2D09A6B700730254 /* Release */ = {
			isa = XCBuildConfiguration;
			buildSettings = {
				ALWAYS_SEARCH_USER_PATHS = NO;
				ASSETCATALOG_COMPILER_GENERATE_SWIFT_ASSET_SYMBOL_EXTENSIONS = YES;
				CLANG_ANALYZER_NONNULL = YES;
				CLANG_ANALYZER_NUMBER_OBJECT_CONVERSION = YES_AGGRESSIVE;
				CLANG_CXX_LANGUAGE_STANDARD = "gnu++20";
				CLANG_ENABLE_MODULES = YES;
				CLANG_ENABLE_OBJC_ARC = YES;
				CLANG_ENABLE_OBJC_WEAK = YES;
				CLANG_WARN_BLOCK_CAPTURE_AUTORELEASING = YES;
				CLANG_WARN_BOOL_CONVERSION = YES;
				CLANG_WARN_COMMA = YES;
				CLANG_WARN_CONSTANT_CONVERSION = YES;
				CLANG_WARN_DEPRECATED_OBJC_IMPLEMENTATIONS = YES;
				CLANG_WARN_DIRECT_OBJC_ISA_USAGE = YES_ERROR;
				CLANG_WARN_DOCUMENTATION_COMMENTS = YES;
				CLANG_WARN_EMPTY_BODY = YES;
				CLANG_WARN_ENUM_CONVERSION = YES;
				CLANG_WARN_INFINITE_RECURSION = YES;
				CLANG_WARN_INT_CONVERSION = YES;
				CLANG_WARN_NON_LITERAL_NULL_CONVERSION = YES;
				CLANG_WARN_OBJC_IMPLICIT_RETAIN_SELF = YES;
				CLANG_WARN_OBJC_LITERAL_CONVERSION = YES;
				CLANG_WARN_OBJC_ROOT_CLASS = YES_ERROR;
				CLANG_WARN_QUOTED_INCLUDE_IN_FRAMEWORK_HEADER = YES;
				CLANG_WARN_RANGE_LOOP_ANALYSIS = YES;
				CLANG_WARN_STRICT_PROTOTYPES = YES;
				CLANG_WARN_SUSPICIOUS_MOVE = YES;
				CLANG_WARN_UNGUARDED_AVAILABILITY = YES_AGGRESSIVE;
				CLANG_WARN_UNREACHABLE_CODE = YES;
				CLANG_WARN__DUPLICATE_METHOD_MATCH = YES;
				COPY_PHASE_STRIP = NO;
				DEBUG_INFORMATION_FORMAT = "dwarf-with-dsym";
				ENABLE_NS_ASSERTIONS = NO;
				ENABLE_STRICT_OBJC_MSGSEND = YES;
				ENABLE_USER_SCRIPT_SANDBOXING = YES;
				GCC_C_LANGUAGE_STANDARD = gnu17;
				GCC_NO_COMMON_BLOCKS = YES;
				GCC_WARN_64_TO_32_BIT_CONVERSION = YES;
				GCC_WARN_ABOUT_RETURN_TYPE = YES_ERROR;
				GCC_WARN_UNDECLARED_SELECTOR = YES;
				GCC_WARN_UNINITIALIZED_AUTOS = YES_AGGRESSIVE;
				GCC_WARN_UNUSED_FUNCTION = YES;
				GCC_WARN_UNUSED_VARIABLE = YES;
				LOCALIZATION_PREFERS_STRING_CATALOGS = YES;
				MTL_ENABLE_DEBUG_INFO = NO;
				MTL_FAST_MATH = YES;
				SWIFT_COMPILATION_MODE = wholemodule;
			};
			name = Release;
		};
		527C405F2D09A6B700730254 /* Debug */ = {
			isa = XCBuildConfiguration;
			buildSettings = {
				ASSETCATALOG_COMPILER_APPICON_NAME = AppIcon;
				ASSETCATALOG_COMPILER_GLOBAL_ACCENT_COLOR_NAME = AccentColor;
				CODE_SIGN_ENTITLEMENTS = CTMarkDownEditor/CTMarkDownEditor.entitlements;
				CODE_SIGN_STYLE = Automatic;
				CURRENT_PROJECT_VERSION = 1;
				DEVELOPMENT_ASSET_PATHS = "\"CTMarkDownEditor/Preview Content\"";
				DEVELOPMENT_TEAM = 5L79USST22;
				ENABLE_HARDENED_RUNTIME = YES;
				ENABLE_PREVIEWS = YES;
				GENERATE_INFOPLIST_FILE = YES;
				INFOPLIST_FILE = CTMarkDownEditor/Info.plist;
				INFOPLIST_KEY_CFBundleDisplayName = "";
				INFOPLIST_KEY_LSApplicationCategoryType = "public.app-category.developer-tools";
				"INFOPLIST_KEY_UIApplicationSceneManifest_Generation[sdk=iphoneos*]" = YES;
				"INFOPLIST_KEY_UIApplicationSceneManifest_Generation[sdk=iphonesimulator*]" = YES;
				"INFOPLIST_KEY_UIApplicationSupportsIndirectInputEvents[sdk=iphoneos*]" = YES;
				"INFOPLIST_KEY_UIApplicationSupportsIndirectInputEvents[sdk=iphonesimulator*]" = YES;
				"INFOPLIST_KEY_UILaunchScreen_Generation[sdk=iphoneos*]" = YES;
				"INFOPLIST_KEY_UILaunchScreen_Generation[sdk=iphonesimulator*]" = YES;
				"INFOPLIST_KEY_UIStatusBarStyle[sdk=iphoneos*]" = UIStatusBarStyleDefault;
				"INFOPLIST_KEY_UIStatusBarStyle[sdk=iphonesimulator*]" = UIStatusBarStyleDefault;
				INFOPLIST_KEY_UISupportedInterfaceOrientations_iPad = "UIInterfaceOrientationPortrait UIInterfaceOrientationPortraitUpsideDown UIInterfaceOrientationLandscapeLeft UIInterfaceOrientationLandscapeRight";
				INFOPLIST_KEY_UISupportedInterfaceOrientations_iPhone = UIInterfaceOrientationPortrait;
				IPHONEOS_DEPLOYMENT_TARGET = 16.6;
				LD_RUNPATH_SEARCH_PATHS = "@executable_path/Frameworks";
				"LD_RUNPATH_SEARCH_PATHS[sdk=macosx*]" = "@executable_path/../Frameworks";
				MACOSX_DEPLOYMENT_TARGET = 14.6;
				MARKETING_VERSION = 1.0;
				PRODUCT_BUNDLE_IDENTIFIER = tetsuokawakami.com.CTMarkDownEditor;
				PRODUCT_NAME = "$(TARGET_NAME)";
				SDKROOT = auto;
				SUPPORTED_PLATFORMS = "iphoneos iphonesimulator macosx xros xrsimulator";
				SWIFT_EMIT_LOC_STRINGS = YES;
				SWIFT_VERSION = 5.0;
				TARGETED_DEVICE_FAMILY = "1,2,7";
				XROS_DEPLOYMENT_TARGET = 2.1;
			};
			name = Debug;
		};
		527C40602D09A6B700730254 /* Release */ = {
			isa = XCBuildConfiguration;
			buildSettings = {
				ASSETCATALOG_COMPILER_APPICON_NAME = AppIcon;
				ASSETCATALOG_COMPILER_GLOBAL_ACCENT_COLOR_NAME = AccentColor;
				CODE_SIGN_ENTITLEMENTS = CTMarkDownEditor/CTMarkDownEditor.entitlements;
				CODE_SIGN_STYLE = Automatic;
				CURRENT_PROJECT_VERSION = 1;
				DEVELOPMENT_ASSET_PATHS = "\"CTMarkDownEditor/Preview Content\"";
				DEVELOPMENT_TEAM = 5L79USST22;
				ENABLE_HARDENED_RUNTIME = YES;
				ENABLE_PREVIEWS = YES;
				GENERATE_INFOPLIST_FILE = YES;
				INFOPLIST_FILE = CTMarkDownEditor/Info.plist;
				INFOPLIST_KEY_CFBundleDisplayName = "";
				INFOPLIST_KEY_LSApplicationCategoryType = "public.app-category.developer-tools";
				"INFOPLIST_KEY_UIApplicationSceneManifest_Generation[sdk=iphoneos*]" = YES;
				"INFOPLIST_KEY_UIApplicationSceneManifest_Generation[sdk=iphonesimulator*]" = YES;
				"INFOPLIST_KEY_UIApplicationSupportsIndirectInputEvents[sdk=iphoneos*]" = YES;
				"INFOPLIST_KEY_UIApplicationSupportsIndirectInputEvents[sdk=iphonesimulator*]" = YES;
				"INFOPLIST_KEY_UILaunchScreen_Generation[sdk=iphoneos*]" = YES;
				"INFOPLIST_KEY_UILaunchScreen_Generation[sdk=iphonesimulator*]" = YES;
				"INFOPLIST_KEY_UIStatusBarStyle[sdk=iphoneos*]" = UIStatusBarStyleDefault;
				"INFOPLIST_KEY_UIStatusBarStyle[sdk=iphonesimulator*]" = UIStatusBarStyleDefault;
				INFOPLIST_KEY_UISupportedInterfaceOrientations_iPad = "UIInterfaceOrientationPortrait UIInterfaceOrientationPortraitUpsideDown UIInterfaceOrientationLandscapeLeft UIInterfaceOrientationLandscapeRight";
				INFOPLIST_KEY_UISupportedInterfaceOrientations_iPhone = UIInterfaceOrientationPortrait;
				IPHONEOS_DEPLOYMENT_TARGET = 16.6;
				LD_RUNPATH_SEARCH_PATHS = "@executable_path/Frameworks";
				"LD_RUNPATH_SEARCH_PATHS[sdk=macosx*]" = "@executable_path/../Frameworks";
				MACOSX_DEPLOYMENT_TARGET = 14.6;
				MARKETING_VERSION = 1.0;
				PRODUCT_BUNDLE_IDENTIFIER = tetsuokawakami.com.CTMarkDownEditor;
				PRODUCT_NAME = "$(TARGET_NAME)";
				SDKROOT = auto;
				SUPPORTED_PLATFORMS = "iphoneos iphonesimulator macosx xros xrsimulator";
				SWIFT_EMIT_LOC_STRINGS = YES;
				SWIFT_VERSION = 5.0;
				TARGETED_DEVICE_FAMILY = "1,2,7";
				XROS_DEPLOYMENT_TARGET = 2.1;
			};
			name = Release;
		};
		527C40622D09A6B700730254 /* Debug */ = {
			isa = XCBuildConfiguration;
			buildSettings = {
				BUNDLE_LOADER = "$(TEST_HOST)";
				CODE_SIGN_STYLE = Automatic;
				CURRENT_PROJECT_VERSION = 1;
				DEVELOPMENT_TEAM = 5L79USST22;
				GENERATE_INFOPLIST_FILE = YES;
				IPHONEOS_DEPLOYMENT_TARGET = 18.1;
				MACOSX_DEPLOYMENT_TARGET = 15.1;
				MARKETING_VERSION = 1.0;
				PRODUCT_BUNDLE_IDENTIFIER = tetsuokawakami.com.CTMarkDownEditorTests;
				PRODUCT_NAME = "$(TARGET_NAME)";
				SDKROOT = auto;
				SUPPORTED_PLATFORMS = "iphoneos iphonesimulator macosx xros xrsimulator";
				SWIFT_EMIT_LOC_STRINGS = NO;
				SWIFT_VERSION = 5.0;
				TARGETED_DEVICE_FAMILY = "1,2,7";
				TEST_HOST = "$(BUILT_PRODUCTS_DIR)/CTMarkDownEditor.app/$(BUNDLE_EXECUTABLE_FOLDER_PATH)/CTMarkDownEditor";
				XROS_DEPLOYMENT_TARGET = 2.1;
			};
			name = Debug;
		};
		527C40632D09A6B700730254 /* Release */ = {
			isa = XCBuildConfiguration;
			buildSettings = {
				BUNDLE_LOADER = "$(TEST_HOST)";
				CODE_SIGN_STYLE = Automatic;
				CURRENT_PROJECT_VERSION = 1;
				DEVELOPMENT_TEAM = 5L79USST22;
				GENERATE_INFOPLIST_FILE = YES;
				IPHONEOS_DEPLOYMENT_TARGET = 18.1;
				MACOSX_DEPLOYMENT_TARGET = 15.1;
				MARKETING_VERSION = 1.0;
				PRODUCT_BUNDLE_IDENTIFIER = tetsuokawakami.com.CTMarkDownEditorTests;
				PRODUCT_NAME = "$(TARGET_NAME)";
				SDKROOT = auto;
				SUPPORTED_PLATFORMS = "iphoneos iphonesimulator macosx xros xrsimulator";
				SWIFT_EMIT_LOC_STRINGS = NO;
				SWIFT_VERSION = 5.0;
				TARGETED_DEVICE_FAMILY = "1,2,7";
				TEST_HOST = "$(BUILT_PRODUCTS_DIR)/CTMarkDownEditor.app/$(BUNDLE_EXECUTABLE_FOLDER_PATH)/CTMarkDownEditor";
				XROS_DEPLOYMENT_TARGET = 2.1;
			};
			name = Release;
		};
		527C40652D09A6B700730254 /* Debug */ = {
			isa = XCBuildConfiguration;
			buildSettings = {
				CODE_SIGN_STYLE = Automatic;
				CURRENT_PROJECT_VERSION = 1;
				DEVELOPMENT_TEAM = 5L79USST22;
				GENERATE_INFOPLIST_FILE = YES;
				IPHONEOS_DEPLOYMENT_TARGET = 18.1;
				MACOSX_DEPLOYMENT_TARGET = 15.1;
				MARKETING_VERSION = 1.0;
				PRODUCT_BUNDLE_IDENTIFIER = tetsuokawakami.com.CTMarkDownEditorUITests;
				PRODUCT_NAME = "$(TARGET_NAME)";
				SDKROOT = auto;
				SUPPORTED_PLATFORMS = "iphoneos iphonesimulator macosx xros xrsimulator";
				SWIFT_EMIT_LOC_STRINGS = NO;
				SWIFT_VERSION = 5.0;
				TARGETED_DEVICE_FAMILY = "1,2,7";
				TEST_TARGET_NAME = CTMarkDownEditor;
				XROS_DEPLOYMENT_TARGET = 2.1;
			};
			name = Debug;
		};
		527C40662D09A6B700730254 /* Release */ = {
			isa = XCBuildConfiguration;
			buildSettings = {
				CODE_SIGN_STYLE = Automatic;
				CURRENT_PROJECT_VERSION = 1;
				DEVELOPMENT_TEAM = 5L79USST22;
				GENERATE_INFOPLIST_FILE = YES;
				IPHONEOS_DEPLOYMENT_TARGET = 18.1;
				MACOSX_DEPLOYMENT_TARGET = 15.1;
				MARKETING_VERSION = 1.0;
				PRODUCT_BUNDLE_IDENTIFIER = tetsuokawakami.com.CTMarkDownEditorUITests;
				PRODUCT_NAME = "$(TARGET_NAME)";
				SDKROOT = auto;
				SUPPORTED_PLATFORMS = "iphoneos iphonesimulator macosx xros xrsimulator";
				SWIFT_EMIT_LOC_STRINGS = NO;
				SWIFT_VERSION = 5.0;
				TARGETED_DEVICE_FAMILY = "1,2,7";
				TEST_TARGET_NAME = CTMarkDownEditor;
				XROS_DEPLOYMENT_TARGET = 2.1;
			};
			name = Release;
		};
/* End XCBuildConfiguration section */

/* Begin XCConfigurationList section */
		527C40342D09A6B500730254 /* Build configuration list for PBXProject "CTMarkDownEditor" */ = {
			isa = XCConfigurationList;
			buildConfigurations = (
				527C405C2D09A6B700730254 /* Debug */,
				527C405D2D09A6B700730254 /* Release */,
			);
			defaultConfigurationIsVisible = 0;
			defaultConfigurationName = Release;
		};
		527C405E2D09A6B700730254 /* Build configuration list for PBXNativeTarget "CTMarkDownEditor" */ = {
			isa = XCConfigurationList;
			buildConfigurations = (
				527C405F2D09A6B700730254 /* Debug */,
				527C40602D09A6B700730254 /* Release */,
			);
			defaultConfigurationIsVisible = 0;
			defaultConfigurationName = Release;
		};
		527C40612D09A6B700730254 /* Build configuration list for PBXNativeTarget "CTMarkDownEditorTests" */ = {
			isa = XCConfigurationList;
			buildConfigurations = (
				527C40622D09A6B700730254 /* Debug */,
				527C40632D09A6B700730254 /* Release */,
			);
			defaultConfigurationIsVisible = 0;
			defaultConfigurationName = Release;
		};
		527C40642D09A6B700730254 /* Build configuration list for PBXNativeTarget "CTMarkDownEditorUITests" */ = {
			isa = XCConfigurationList;
			buildConfigurations = (
				527C40652D09A6B700730254 /* Debug */,
				527C40662D09A6B700730254 /* Release */,
			);
			defaultConfigurationIsVisible = 0;
			defaultConfigurationName = Release;
		};
/* End XCConfigurationList section */

/* Begin XCRemoteSwiftPackageReference section */
		52954C732D09D7FB00186D3B /* XCRemoteSwiftPackageReference "HTML2Markdown" */ = {
			isa = XCRemoteSwiftPackageReference;
			repositoryURL = "https://github.com/divadretlaw/HTML2Markdown";
			requirement = {
				kind = upToNextMajorVersion;
				minimumVersion = 3.0.2;
			};
		};
/* End XCRemoteSwiftPackageReference section */

/* Begin XCSwiftPackageProductDependency section */
		52954C742D09D84D00186D3B /* HTML2Markdown */ = {
			isa = XCSwiftPackageProductDependency;
			package = 52954C732D09D7FB00186D3B /* XCRemoteSwiftPackageReference "HTML2Markdown" */;
			productName = HTML2Markdown;
		};
/* End XCSwiftPackageProductDependency section */
	};
	rootObject = 527C40312D09A6B500730254 /* Project object */;
}
